
Microsoft Visual Studio Solution File, Format Version 12.00
# Visual Studio Version 16
VisualStudioVersion = 16.0.30320.27
MinimumVisualStudioVersion = 10.0.40219.1
Project("{9A19103F-16F7-4668-BE54-9A1E7A4F7556}") = "AzureBeyondBasic", "AzureBeyondBasic\AzureBeyondBasic.csproj", "{39CDDD08-B0B6-42F9-924B-F18B24DE89E5}"
EndProject
Project("{FAE04EC0-301F-11D3-BF4B-00C04F79EFBC}") = "ProcessStorageQueue", "ProcessStorageQueue\ProcessStorageQueue.csproj", "{981E5C4D-93FD-4CBA-98C1-533149FD3887}"
EndProject
Global
	GlobalSection(SolutionConfigurationPlatforms) = preSolution
		Debug|Any CPU = Debug|Any CPU
		Release|Any CPU = Release|Any CPU
	EndGlobalSection
	GlobalSection(ProjectConfigurationPlatforms) = postSolution
		{39CDDD08-B0B6-42F9-924B-F18B24DE89E5}.Debug|Any CPU.ActiveCfg = Debug|Any CPU
		{39CDDD08-B0B6-42F9-924B-F18B24DE89E5}.Debug|Any CPU.Build.0 = Debug|Any CPU
		{39CDDD08-B0B6-42F9-924B-F18B24DE89E5}.Release|Any CPU.ActiveCfg = Release|Any CPU
		{39CDDD08-B0B6-42F9-924B-F18B24DE89E5}.Release|Any CPU.Build.0 = Release|Any CPU
		{981E5C4D-93FD-4CBA-98C1-533149FD3887}.Debug|Any CPU.ActiveCfg = Debug|Any CPU
		{981E5C4D-93FD-4CBA-98C1-533149FD3887}.Debug|Any CPU.Build.0 = Debug|Any CPU
		{981E5C4D-93FD-4CBA-98C1-533149FD3887}.Release|Any CPU.ActiveCfg = Release|Any CPU
		{981E5C4D-93FD-4CBA-98C1-533149FD3887}.Release|Any CPU.Build.0 = Release|Any CPU
	EndGlobalSection
	GlobalSection(SolutionProperties) = preSolution
		HideSolutionNode = FALSE
	EndGlobalSection
	GlobalSection(ExtensibilityGlobals) = postSolution
		SolutionGuid = {FBDE6909-8843-4805-894E-58E055A28687}
	EndGlobalSection
EndGlobal
